
Microsoft Visual Studio Solution File, Format Version 12.00
# Visual Studio Version 17
VisualStudioVersion = 17.11.35327.3
MinimumVisualStudioVersion = 10.0.40219.1
Project("{FAE04EC0-301F-11D3-BF4B-00C04F79EFBC}") = "Actividades-Semestral", "Actividades-Semestral\Actividades-Semestral.csproj", "{7B8FFBB3-5205-4A8C-A0BB-35395949CF6B}"
EndProject
Global
	GlobalSection(SolutionConfigurationPlatforms) = preSolution
		Debug|Any CPU = Debug|Any CPU
		Release|Any CPU = Release|Any CPU
	EndGlobalSection
	GlobalSection(ProjectConfigurationPlatforms) = postSolution
		{7B8FFBB3-5205-4A8C-A0BB-35395949CF6B}.Debug|Any CPU.ActiveCfg = Debug|Any CPU
		{7B8FFBB3-5205-4A8C-A0BB-35395949CF6B}.Debug|Any CPU.Build.0 = Debug|Any CPU
		{7B8FFBB3-5205-4A8C-A0BB-35395949CF6B}.Release|Any CPU.ActiveCfg = Release|Any CPU
		{7B8FFBB3-5205-4A8C-A0BB-35395949CF6B}.Release|Any CPU.Build.0 = Release|Any CPU
	EndGlobalSection
	GlobalSection(SolutionProperties) = preSolution
		HideSolutionNode = FALSE
	EndGlobalSection
	GlobalSection(ExtensibilityGlobals) = postSolution
		SolutionGuid = {4D3B1BB4-02A0-43EF-8388-2B78F5CB48FE}
	EndGlobalSection
EndGlobal
